
Microsoft Visual Studio Solution File, Format Version 12.00
# Visual Studio Version 18
VisualStudioVersion = 18.1.11312.151
MinimumVisualStudioVersion = 10.0.40219.1
Project("{54A90642-561A-4BB1-A94E-469ADEE60C69}") = "nam.client", "nam.client\nam.client.esproj", "{7B976F0E-EBEC-FBFF-0D27-B25ED87E8FD2}"
EndProject
Project("{FAE04EC0-301F-11D3-BF4B-00C04F79EFBC}") = "nam.Server", "nam.Server\nam.Server.csproj", "{D04824CA-0143-4083-8AC3-F3E3A872BB9E}"
EndProject
Project("{FAE04EC0-301F-11D3-BF4B-00C04F79EFBC}") = "nam.ServerTests", "ServerTests\nam.ServerTests.csproj", "{D40CF936-DB75-4867-879E-EB564E420089}"
EndProject
Project("{FAE04EC0-301F-11D3-BF4B-00C04F79EFBC}") = "nam.AppHost", "nam\nam.AppHost\nam.AppHost.csproj", "{A5F9AC92-217A-4A42-AFC0-52BC0BDB0FDB}"
EndProject
Project("{FAE04EC0-301F-11D3-BF4B-00C04F79EFBC}") = "nam.ServiceDefaults", "nam\nam.ServiceDefaults\nam.ServiceDefaults.csproj", "{16CB0086-7F30-1EEC-AFD7-6E2D492E78E7}"
EndProject
Global
	GlobalSection(SolutionConfigurationPlatforms) = preSolution
		Debug|Any CPU = Debug|Any CPU
		Release|Any CPU = Release|Any CPU
	EndGlobalSection
	GlobalSection(ProjectConfigurationPlatforms) = postSolution
		{7B976F0E-EBEC-FBFF-0D27-B25ED87E8FD2}.Debug|Any CPU.ActiveCfg = Debug|Any CPU
		{7B976F0E-EBEC-FBFF-0D27-B25ED87E8FD2}.Debug|Any CPU.Build.0 = Debug|Any CPU
		{7B976F0E-EBEC-FBFF-0D27-B25ED87E8FD2}.Debug|Any CPU.Deploy.0 = Debug|Any CPU
		{7B976F0E-EBEC-FBFF-0D27-B25ED87E8FD2}.Release|Any CPU.ActiveCfg = Release|Any CPU
		{7B976F0E-EBEC-FBFF-0D27-B25ED87E8FD2}.Release|Any CPU.Build.0 = Release|Any CPU
		{7B976F0E-EBEC-FBFF-0D27-B25ED87E8FD2}.Release|Any CPU.Deploy.0 = Release|Any CPU
		{D04824CA-0143-4083-8AC3-F3E3A872BB9E}.Debug|Any CPU.ActiveCfg = Debug|Any CPU
		{D04824CA-0143-4083-8AC3-F3E3A872BB9E}.Debug|Any CPU.Build.0 = Debug|Any CPU
		{D04824CA-0143-4083-8AC3-F3E3A872BB9E}.Release|Any CPU.ActiveCfg = Release|Any CPU
		{D04824CA-0143-4083-8AC3-F3E3A872BB9E}.Release|Any CPU.Build.0 = Release|Any CPU
		{D40CF936-DB75-4867-879E-EB564E420089}.Debug|Any CPU.ActiveCfg = Debug|Any CPU
		{D40CF936-DB75-4867-879E-EB564E420089}.Debug|Any CPU.Build.0 = Debug|Any CPU
		{D40CF936-DB75-4867-879E-EB564E420089}.Release|Any CPU.ActiveCfg = Release|Any CPU
		{D40CF936-DB75-4867-879E-EB564E420089}.Release|Any CPU.Build.0 = Release|Any CPU
		{A5F9AC92-217A-4A42-AFC0-52BC0BDB0FDB}.Debug|Any CPU.ActiveCfg = Debug|Any CPU
		{A5F9AC92-217A-4A42-AFC0-52BC0BDB0FDB}.Debug|Any CPU.Build.0 = Debug|Any CPU
		{A5F9AC92-217A-4A42-AFC0-52BC0BDB0FDB}.Release|Any CPU.ActiveCfg = Release|Any CPU
		{A5F9AC92-217A-4A42-AFC0-52BC0BDB0FDB}.Release|Any CPU.Build.0 = Release|Any CPU
		{16CB0086-7F30-1EEC-AFD7-6E2D492E78E7}.Debug|Any CPU.ActiveCfg = Debug|Any CPU
		{16CB0086-7F30-1EEC-AFD7-6E2D492E78E7}.Debug|Any CPU.Build.0 = Debug|Any CPU
		{16CB0086-7F30-1EEC-AFD7-6E2D492E78E7}.Release|Any CPU.ActiveCfg = Release|Any CPU
		{16CB0086-7F30-1EEC-AFD7-6E2D492E78E7}.Release|Any CPU.Build.0 = Release|Any CPU
	EndGlobalSection
	GlobalSection(SolutionProperties) = preSolution
		HideSolutionNode = FALSE
	EndGlobalSection
	GlobalSection(ExtensibilityGlobals) = postSolution
		SolutionGuid = {41CAF37A-81CB-499E-BE60-78DB23A9497C}
	EndGlobalSection
EndGlobal
